
Microsoft Visual Studio Solution File, Format Version 12.00
# Visual Studio Version 17
VisualStudioVersion = 17.2.32519.379
MinimumVisualStudioVersion = 10.0.40219.1
Project("{9A19103F-16F7-4668-BE54-9A1E7A4F7556}") = "M001", "M001\M001.csproj", "{4B3E6FB6-BF92-457E-A404-AFDF38F60E0B}"
EndProject
Project("{9A19103F-16F7-4668-BE54-9A1E7A4F7556}") = "M002", "M002\M002.csproj", "{83A8EF7F-5173-4D2B-B46A-5634B9157F34}"
EndProject
Project("{9A19103F-16F7-4668-BE54-9A1E7A4F7556}") = "M003", "M003\M003.csproj", "{FDD13F32-3A70-48CB-95A7-51F88F2FBD25}"
EndProject
Project("{FAE04EC0-301F-11D3-BF4B-00C04F79EFBC}") = "M004", "M004\M004.csproj", "{B90C05C6-69B7-49E1-B142-C942443D7EC8}"
EndProject
Global
	GlobalSection(SolutionConfigurationPlatforms) = preSolution
		Debug|Any CPU = Debug|Any CPU
		Release|Any CPU = Release|Any CPU
	EndGlobalSection
	GlobalSection(ProjectConfigurationPlatforms) = postSolution
		{4B3E6FB6-BF92-457E-A404-AFDF38F60E0B}.Debug|Any CPU.ActiveCfg = Debug|Any CPU
		{4B3E6FB6-BF92-457E-A404-AFDF38F60E0B}.Debug|Any CPU.Build.0 = Debug|Any CPU
		{4B3E6FB6-BF92-457E-A404-AFDF38F60E0B}.Release|Any CPU.ActiveCfg = Release|Any CPU
		{4B3E6FB6-BF92-457E-A404-AFDF38F60E0B}.Release|Any CPU.Build.0 = Release|Any CPU
		{83A8EF7F-5173-4D2B-B46A-5634B9157F34}.Debug|Any CPU.ActiveCfg = Debug|Any CPU
		{83A8EF7F-5173-4D2B-B46A-5634B9157F34}.Debug|Any CPU.Build.0 = Debug|Any CPU
		{83A8EF7F-5173-4D2B-B46A-5634B9157F34}.Release|Any CPU.ActiveCfg = Release|Any CPU
		{83A8EF7F-5173-4D2B-B46A-5634B9157F34}.Release|Any CPU.Build.0 = Release|Any CPU
		{FDD13F32-3A70-48CB-95A7-51F88F2FBD25}.Debug|Any CPU.ActiveCfg = Debug|Any CPU
		{FDD13F32-3A70-48CB-95A7-51F88F2FBD25}.Debug|Any CPU.Build.0 = Debug|Any CPU
		{FDD13F32-3A70-48CB-95A7-51F88F2FBD25}.Release|Any CPU.ActiveCfg = Release|Any CPU
		{FDD13F32-3A70-48CB-95A7-51F88F2FBD25}.Release|Any CPU.Build.0 = Release|Any CPU
		{B90C05C6-69B7-49E1-B142-C942443D7EC8}.Debug|Any CPU.ActiveCfg = Debug|Any CPU
		{B90C05C6-69B7-49E1-B142-C942443D7EC8}.Debug|Any CPU.Build.0 = Debug|Any CPU
		{B90C05C6-69B7-49E1-B142-C942443D7EC8}.Release|Any CPU.ActiveCfg = Release|Any CPU
		{B90C05C6-69B7-49E1-B142-C942443D7EC8}.Release|Any CPU.Build.0 = Release|Any CPU
	EndGlobalSection
	GlobalSection(SolutionProperties) = preSolution
		HideSolutionNode = FALSE
	EndGlobalSection
	GlobalSection(ExtensibilityGlobals) = postSolution
		SolutionGuid = {152F5186-86F3-48E8-94F8-9BF7449510F1}
	EndGlobalSection
EndGlobal
